
Microsoft Visual Studio Solution File, Format Version 12.00
# Visual Studio Version 16
VisualStudioVersion = 16.0.31829.152
MinimumVisualStudioVersion = 10.0.40219.1
Project("{FAE04EC0-301F-11D3-BF4B-00C04F79EFBC}") = "GitProjekt2", "GitProjekt2\GitProjekt2.csproj", "{21FD4840-C800-4668-8026-102C8A2A4934}"
EndProject
Global
	GlobalSection(SolutionConfigurationPlatforms) = preSolution
		Debug|Any CPU = Debug|Any CPU
		Release|Any CPU = Release|Any CPU
	EndGlobalSection
	GlobalSection(ProjectConfigurationPlatforms) = postSolution
		{21FD4840-C800-4668-8026-102C8A2A4934}.Debug|Any CPU.ActiveCfg = Debug|Any CPU
		{21FD4840-C800-4668-8026-102C8A2A4934}.Debug|Any CPU.Build.0 = Debug|Any CPU
		{21FD4840-C800-4668-8026-102C8A2A4934}.Release|Any CPU.ActiveCfg = Release|Any CPU
		{21FD4840-C800-4668-8026-102C8A2A4934}.Release|Any CPU.Build.0 = Release|Any CPU
	EndGlobalSection
	GlobalSection(SolutionProperties) = preSolution
		HideSolutionNode = FALSE
	EndGlobalSection
	GlobalSection(ExtensibilityGlobals) = postSolution
		SolutionGuid = {5AEDEB62-25E2-4C64-BB26-EA49C385FCC7}
	EndGlobalSection
EndGlobal
